
Microsoft Visual Studio Solution File, Format Version 10.00
# Visual Studio 2008
Project("{FAE04EC0-301F-11D3-BF4B-00C04F79EFBC}") = "CSSE375HW2", "CSSE375HW2.csproj", "{7B177914-5F93-4037-9AFD-B0B24C26EF69}"
EndProject
Project("{FAE04EC0-301F-11D3-BF4B-00C04F79EFBC}") = "RentalTest", "..\RentalTest\RentalTest.csproj", "{06F7CB2F-0D5F-48F1-A7FE-6A03D9099B10}"
EndProject
Project("{2150E333-8FDC-42A3-9474-1A3956D46DE8}") = "Solution Items", "Solution Items", "{944B8651-A25B-490E-AD49-C4DE597F12C8}"
	ProjectSection(SolutionItems) = preProject
		CSSE375HW2.vsmdi = CSSE375HW2.vsmdi
		LocalTestRun.testrunconfig = LocalTestRun.testrunconfig
	EndProjectSection
EndProject
Global
	GlobalSection(TestCaseManagementSettings) = postSolution
		CategoryFile = CSSE375HW2.vsmdi
	EndGlobalSection
	GlobalSection(SolutionConfigurationPlatforms) = preSolution
		Debug|Any CPU = Debug|Any CPU
		Release|Any CPU = Release|Any CPU
	EndGlobalSection
	GlobalSection(ProjectConfigurationPlatforms) = postSolution
		{7B177914-5F93-4037-9AFD-B0B24C26EF69}.Debug|Any CPU.ActiveCfg = Debug|Any CPU
		{7B177914-5F93-4037-9AFD-B0B24C26EF69}.Debug|Any CPU.Build.0 = Debug|Any CPU
		{7B177914-5F93-4037-9AFD-B0B24C26EF69}.Release|Any CPU.ActiveCfg = Release|Any CPU
		{7B177914-5F93-4037-9AFD-B0B24C26EF69}.Release|Any CPU.Build.0 = Release|Any CPU
		{06F7CB2F-0D5F-48F1-A7FE-6A03D9099B10}.Debug|Any CPU.ActiveCfg = Debug|Any CPU
		{06F7CB2F-0D5F-48F1-A7FE-6A03D9099B10}.Debug|Any CPU.Build.0 = Debug|Any CPU
		{06F7CB2F-0D5F-48F1-A7FE-6A03D9099B10}.Release|Any CPU.ActiveCfg = Release|Any CPU
		{06F7CB2F-0D5F-48F1-A7FE-6A03D9099B10}.Release|Any CPU.Build.0 = Release|Any CPU
	EndGlobalSection
	GlobalSection(SolutionProperties) = preSolution
		HideSolutionNode = FALSE
	EndGlobalSection
EndGlobal
